
Microsoft Visual Studio Solution File, Format Version 12.00
# Visual Studio 15
VisualStudioVersion = 15.0.26730.16
MinimumVisualStudioVersion = 10.0.40219.1
Project("{FAE04EC0-301F-11D3-BF4B-00C04F79EFBC}") = "MyAlbumExplorer", "MyAlbumExplorer\MyAlbumExplorer.csproj", "{ADEAEB94-8DA4-4B12-A791-4714B386AC1D}"
EndProject
Project("{FAE04EC0-301F-11D3-BF4B-00C04F79EFBC}") = "MyPhotoAlbum", "..\MyPhotos\MyPhotoAlbum\MyPhotoAlbum.csproj", "{979163F8-62CB-4314-9C70-C905C9A1551E}"
EndProject
Project("{FAE04EC0-301F-11D3-BF4B-00C04F79EFBC}") = "MyPhotoControls", "..\MyPhotos\MyPhotoControls\MyPhotoControls.csproj", "{86ABBE3C-6F90-4061-8323-3017FF37AE7B}"
EndProject
Global
	GlobalSection(SolutionConfigurationPlatforms) = preSolution
		Debug|Any CPU = Debug|Any CPU
		Release|Any CPU = Release|Any CPU
	EndGlobalSection
	GlobalSection(ProjectConfigurationPlatforms) = postSolution
		{ADEAEB94-8DA4-4B12-A791-4714B386AC1D}.Debug|Any CPU.ActiveCfg = Debug|Any CPU
		{ADEAEB94-8DA4-4B12-A791-4714B386AC1D}.Debug|Any CPU.Build.0 = Debug|Any CPU
		{ADEAEB94-8DA4-4B12-A791-4714B386AC1D}.Release|Any CPU.ActiveCfg = Release|Any CPU
		{ADEAEB94-8DA4-4B12-A791-4714B386AC1D}.Release|Any CPU.Build.0 = Release|Any CPU
		{979163F8-62CB-4314-9C70-C905C9A1551E}.Debug|Any CPU.ActiveCfg = Debug|Any CPU
		{979163F8-62CB-4314-9C70-C905C9A1551E}.Debug|Any CPU.Build.0 = Debug|Any CPU
		{979163F8-62CB-4314-9C70-C905C9A1551E}.Release|Any CPU.ActiveCfg = Release|Any CPU
		{979163F8-62CB-4314-9C70-C905C9A1551E}.Release|Any CPU.Build.0 = Release|Any CPU
		{86ABBE3C-6F90-4061-8323-3017FF37AE7B}.Debug|Any CPU.ActiveCfg = Debug|Any CPU
		{86ABBE3C-6F90-4061-8323-3017FF37AE7B}.Debug|Any CPU.Build.0 = Debug|Any CPU
		{86ABBE3C-6F90-4061-8323-3017FF37AE7B}.Release|Any CPU.ActiveCfg = Release|Any CPU
		{86ABBE3C-6F90-4061-8323-3017FF37AE7B}.Release|Any CPU.Build.0 = Release|Any CPU
	EndGlobalSection
	GlobalSection(SolutionProperties) = preSolution
		HideSolutionNode = FALSE
	EndGlobalSection
	GlobalSection(ExtensibilityGlobals) = postSolution
		SolutionGuid = {993FA34B-BF2A-4831-B888-BE0A4CD67985}
	EndGlobalSection
EndGlobal
